
Microsoft Visual Studio Solution File, Format Version 12.00
# Visual Studio Version 17
VisualStudioVersion = 17.11.35303.130
MinimumVisualStudioVersion = 10.0.40219.1
Project("{FAE04EC0-301F-11D3-BF4B-00C04F79EFBC}") = "TestApplictionDemo", "TestApplictionDemo\TestApplictionDemo.csproj", "{979AA179-B20D-49C8-AC13-96EAEE4CDE5A}"
EndProject
Global
	GlobalSection(SolutionConfigurationPlatforms) = preSolution
		Debug|Any CPU = Debug|Any CPU
		Release|Any CPU = Release|Any CPU
	EndGlobalSection
	GlobalSection(ProjectConfigurationPlatforms) = postSolution
		{979AA179-B20D-49C8-AC13-96EAEE4CDE5A}.Debug|Any CPU.ActiveCfg = Debug|Any CPU
		{979AA179-B20D-49C8-AC13-96EAEE4CDE5A}.Debug|Any CPU.Build.0 = Debug|Any CPU
		{979AA179-B20D-49C8-AC13-96EAEE4CDE5A}.Release|Any CPU.ActiveCfg = Release|Any CPU
		{979AA179-B20D-49C8-AC13-96EAEE4CDE5A}.Release|Any CPU.Build.0 = Release|Any CPU
	EndGlobalSection
	GlobalSection(SolutionProperties) = preSolution
		HideSolutionNode = FALSE
	EndGlobalSection
	GlobalSection(ExtensibilityGlobals) = postSolution
		SolutionGuid = {D26F2F8F-53EE-466A-A17A-D12DBDA71A41}
	EndGlobalSection
EndGlobal
